
Microsoft Visual Studio Solution File, Format Version 12.00
# Visual Studio Version 17
VisualStudioVersion = 17.2.32630.192
MinimumVisualStudioVersion = 10.0.40219.1
Project("{9A19103F-16F7-4668-BE54-9A1E7A4F7556}") = "FNB.Ecommerce.Transversal.Common", "FNB.Ecommerce.Transversal.Common\FNB.Ecommerce.Transversal.Common.csproj", "{807EEA17-80D1-4590-AA4B-609FEBFE6102}"
EndProject
Project("{2150E333-8FDC-42A3-9474-1A3956D46DE8}") = "Aplicacion", "Aplicacion", "{F4B6B2BA-E7FB-4D6D-BD59-0797C3FEBFDF}"
EndProject
Project("{2150E333-8FDC-42A3-9474-1A3956D46DE8}") = "Dominio", "Dominio", "{CA21208B-CFAA-46D0-B8A8-2753A8CA0056}"
EndProject
Project("{2150E333-8FDC-42A3-9474-1A3956D46DE8}") = "Infraestructura", "Infraestructura", "{8AD80536-55F2-4BCE-9B02-D3D00D3E8C3B}"
EndProject
Project("{2150E333-8FDC-42A3-9474-1A3956D46DE8}") = "Servicio", "Servicio", "{429D051C-9325-4625-94D7-61E665005FB2}"
EndProject
Project("{2150E333-8FDC-42A3-9474-1A3956D46DE8}") = "Transversal", "Transversal", "{50610B6E-4794-4DB9-A969-8A4C3ED80132}"
EndProject
Project("{9A19103F-16F7-4668-BE54-9A1E7A4F7556}") = "FNB.Ecommerce.Infrastructure.Data", "FNB.Ecommerce.Infraestructura.Data\FNB.Ecommerce.Infrastructure.Data.csproj", "{8A836488-4E41-48EE-ABC0-5FD692046BD3}"
EndProject
Project("{9A19103F-16F7-4668-BE54-9A1E7A4F7556}") = "FNB.Ecommerce.Infrastructure.Interface", "FNB.Ecommerce.Infraestructure.Interface\FNB.Ecommerce.Infrastructure.Interface.csproj", "{6035BACB-2146-4507-B699-37FA8848CFC5}"
EndProject
Project("{9A19103F-16F7-4668-BE54-9A1E7A4F7556}") = "FNB.Ecommerce.Domain.Entity", "FNB.Ecommerce.Domain.Entity\FNB.Ecommerce.Domain.Entity.csproj", "{9A942C37-474E-4556-9CC3-28A6E9C090ED}"
EndProject
Project("{9A19103F-16F7-4668-BE54-9A1E7A4F7556}") = "FNB.Ecommerce.Infrastruture.Repository", "FNB.Ecommerce.Infrastruture.Repository\FNB.Ecommerce.Infrastruture.Repository.csproj", "{3424A591-8E98-45A1-B5E1-8BA7BA5948EC}"
EndProject
Project("{9A19103F-16F7-4668-BE54-9A1E7A4F7556}") = "FNB.Ecommerce.Domain.Interface", "FNB.Ecommerce.Domain.Interface\FNB.Ecommerce.Domain.Interface.csproj", "{32AF79C1-6AA1-4A66-AF19-DA5D7840C98A}"
EndProject
Project("{9A19103F-16F7-4668-BE54-9A1E7A4F7556}") = "FNB.Ecommerce.Domain.Core", "FNB.Ecommerce.Domain.Core\FNB.Ecommerce.Domain.Core.csproj", "{9C015CF9-150D-4DFB-9913-DE04378A777E}"
EndProject
Project("{9A19103F-16F7-4668-BE54-9A1E7A4F7556}") = "FNB.Ecommerce.Application.DTO", "FNB.Ecommerce.Application.DTO\FNB.Ecommerce.Application.DTO.csproj", "{6EB8AC2C-67A1-42AB-94C3-8486E09DFA31}"
EndProject
Project("{9A19103F-16F7-4668-BE54-9A1E7A4F7556}") = "FNB.Ecommerce.Transversal.Mapper", "FNB.Ecommerce.Transvredal.Mapper\FNB.Ecommerce.Transversal.Mapper.csproj", "{1D168ADE-AFD0-42C9-9581-71DC5965D336}"
EndProject
Project("{9A19103F-16F7-4668-BE54-9A1E7A4F7556}") = "FNB.Ecommerce.Application.Interface", "FNB.Ecommerce.Applicatio.Interface\FNB.Ecommerce.Application.Interface.csproj", "{04FE77F9-7735-421C-8C3E-40CCF31E808E}"
EndProject
Project("{9A19103F-16F7-4668-BE54-9A1E7A4F7556}") = "FNB.Ecommerce.Application.Main", "FNB.Ecommerce.Application.Main\FNB.Ecommerce.Application.Main.csproj", "{E7B615AD-D8A5-465B-B089-7B0769EA27D5}"
EndProject
Project("{9A19103F-16F7-4668-BE54-9A1E7A4F7556}") = "FNB.Ecommerce.Service.WebApi", "FNB.Ecommerce.Service.WebApi\FNB.Ecommerce.Service.WebApi.csproj", "{DA88A585-ABA7-46CB-8772-0B56E91CA240}"
EndProject
Project("{9A19103F-16F7-4668-BE54-9A1E7A4F7556}") = "FNB.Ecommerce.Transversal.Logging", "FNB.Ecommerce.Transversal.Logging\FNB.Ecommerce.Transversal.Logging.csproj", "{73B75EB4-EEE2-440B-93F4-058D2D255382}"
EndProject
Project("{9A19103F-16F7-4668-BE54-9A1E7A4F7556}") = "FNB.Ecommerce.Application.Validator", "FNB.Ecommerce.Application.Validator\FNB.Ecommerce.Application.Validator.csproj", "{930AC650-D95F-4654-B406-DA89139B383A}"
EndProject
Project("{2150E333-8FDC-42A3-9474-1A3956D46DE8}") = "Prueba", "Prueba", "{FD2AEA8A-918D-492A-82A1-C2FF575CC885}"
EndProject
Project("{FAE04EC0-301F-11D3-BF4B-00C04F79EFBC}") = "FNB.Ecommerce.Application.Test", "FNB.Ecommerce.Application.Test\FNB.Ecommerce.Application.Test.csproj", "{F80B0F44-5FF8-4B32-9EB3-F3CF1E75465A}"
EndProject
Global
	GlobalSection(SolutionConfigurationPlatforms) = preSolution
		Debug|Any CPU = Debug|Any CPU
		Release|Any CPU = Release|Any CPU
	EndGlobalSection
	GlobalSection(ProjectConfigurationPlatforms) = postSolution
		{807EEA17-80D1-4590-AA4B-609FEBFE6102}.Debug|Any CPU.ActiveCfg = Debug|Any CPU
		{807EEA17-80D1-4590-AA4B-609FEBFE6102}.Debug|Any CPU.Build.0 = Debug|Any CPU
		{807EEA17-80D1-4590-AA4B-609FEBFE6102}.Release|Any CPU.ActiveCfg = Release|Any CPU
		{807EEA17-80D1-4590-AA4B-609FEBFE6102}.Release|Any CPU.Build.0 = Release|Any CPU
		{8A836488-4E41-48EE-ABC0-5FD692046BD3}.Debug|Any CPU.ActiveCfg = Debug|Any CPU
		{8A836488-4E41-48EE-ABC0-5FD692046BD3}.Debug|Any CPU.Build.0 = Debug|Any CPU
		{8A836488-4E41-48EE-ABC0-5FD692046BD3}.Release|Any CPU.ActiveCfg = Release|Any CPU
		{8A836488-4E41-48EE-ABC0-5FD692046BD3}.Release|Any CPU.Build.0 = Release|Any CPU
		{6035BACB-2146-4507-B699-37FA8848CFC5}.Debug|Any CPU.ActiveCfg = Debug|Any CPU
		{6035BACB-2146-4507-B699-37FA8848CFC5}.Debug|Any CPU.Build.0 = Debug|Any CPU
		{6035BACB-2146-4507-B699-37FA8848CFC5}.Release|Any CPU.ActiveCfg = Release|Any CPU
		{6035BACB-2146-4507-B699-37FA8848CFC5}.Release|Any CPU.Build.0 = Release|Any CPU
		{9A942C37-474E-4556-9CC3-28A6E9C090ED}.Debug|Any CPU.ActiveCfg = Debug|Any CPU
		{9A942C37-474E-4556-9CC3-28A6E9C090ED}.Debug|Any CPU.Build.0 = Debug|Any CPU
		{9A942C37-474E-4556-9CC3-28A6E9C090ED}.Release|Any CPU.ActiveCfg = Release|Any CPU
		{9A942C37-474E-4556-9CC3-28A6E9C090ED}.Release|Any CPU.Build.0 = Release|Any CPU
		{3424A591-8E98-45A1-B5E1-8BA7BA5948EC}.Debug|Any CPU.ActiveCfg = Debug|Any CPU
		{3424A591-8E98-45A1-B5E1-8BA7BA5948EC}.Debug|Any CPU.Build.0 = Debug|Any CPU
		{3424A591-8E98-45A1-B5E1-8BA7BA5948EC}.Release|Any CPU.ActiveCfg = Release|Any CPU
		{3424A591-8E98-45A1-B5E1-8BA7BA5948EC}.Release|Any CPU.Build.0 = Release|Any CPU
		{32AF79C1-6AA1-4A66-AF19-DA5D7840C98A}.Debug|Any CPU.ActiveCfg = Debug|Any CPU
		{32AF79C1-6AA1-4A66-AF19-DA5D7840C98A}.Debug|Any CPU.Build.0 = Debug|Any CPU
		{32AF79C1-6AA1-4A66-AF19-DA5D7840C98A}.Release|Any CPU.ActiveCfg = Release|Any CPU
		{32AF79C1-6AA1-4A66-AF19-DA5D7840C98A}.Release|Any CPU.Build.0 = Release|Any CPU
		{9C015CF9-150D-4DFB-9913-DE04378A777E}.Debug|Any CPU.ActiveCfg = Debug|Any CPU
		{9C015CF9-150D-4DFB-9913-DE04378A777E}.Debug|Any CPU.Build.0 = Debug|Any CPU
		{9C015CF9-150D-4DFB-9913-DE04378A777E}.Release|Any CPU.ActiveCfg = Release|Any CPU
		{9C015CF9-150D-4DFB-9913-DE04378A777E}.Release|Any CPU.Build.0 = Release|Any CPU
		{6EB8AC2C-67A1-42AB-94C3-8486E09DFA31}.Debug|Any CPU.ActiveCfg = Debug|Any CPU
		{6EB8AC2C-67A1-42AB-94C3-8486E09DFA31}.Debug|Any CPU.Build.0 = Debug|Any CPU
		{6EB8AC2C-67A1-42AB-94C3-8486E09DFA31}.Release|Any CPU.ActiveCfg = Release|Any CPU
		{6EB8AC2C-67A1-42AB-94C3-8486E09DFA31}.Release|Any CPU.Build.0 = Release|Any CPU
		{1D168ADE-AFD0-42C9-9581-71DC5965D336}.Debug|Any CPU.ActiveCfg = Debug|Any CPU
		{1D168ADE-AFD0-42C9-9581-71DC5965D336}.Debug|Any CPU.Build.0 = Debug|Any CPU
		{1D168ADE-AFD0-42C9-9581-71DC5965D336}.Release|Any CPU.ActiveCfg = Release|Any CPU
		{1D168ADE-AFD0-42C9-9581-71DC5965D336}.Release|Any CPU.Build.0 = Release|Any CPU
		{04FE77F9-7735-421C-8C3E-40CCF31E808E}.Debug|Any CPU.ActiveCfg = Debug|Any CPU
		{04FE77F9-7735-421C-8C3E-40CCF31E808E}.Debug|Any CPU.Build.0 = Debug|Any CPU
		{04FE77F9-7735-421C-8C3E-40CCF31E808E}.Release|Any CPU.ActiveCfg = Release|Any CPU
		{04FE77F9-7735-421C-8C3E-40CCF31E808E}.Release|Any CPU.Build.0 = Release|Any CPU
		{E7B615AD-D8A5-465B-B089-7B0769EA27D5}.Debug|Any CPU.ActiveCfg = Debug|Any CPU
		{E7B615AD-D8A5-465B-B089-7B0769EA27D5}.Debug|Any CPU.Build.0 = Debug|Any CPU
		{E7B615AD-D8A5-465B-B089-7B0769EA27D5}.Release|Any CPU.ActiveCfg = Release|Any CPU
		{E7B615AD-D8A5-465B-B089-7B0769EA27D5}.Release|Any CPU.Build.0 = Release|Any CPU
		{DA88A585-ABA7-46CB-8772-0B56E91CA240}.Debug|Any CPU.ActiveCfg = Debug|Any CPU
		{DA88A585-ABA7-46CB-8772-0B56E91CA240}.Debug|Any CPU.Build.0 = Debug|Any CPU
		{DA88A585-ABA7-46CB-8772-0B56E91CA240}.Release|Any CPU.ActiveCfg = Release|Any CPU
		{DA88A585-ABA7-46CB-8772-0B56E91CA240}.Release|Any CPU.Build.0 = Release|Any CPU
		{73B75EB4-EEE2-440B-93F4-058D2D255382}.Debug|Any CPU.ActiveCfg = Debug|Any CPU
		{73B75EB4-EEE2-440B-93F4-058D2D255382}.Debug|Any CPU.Build.0 = Debug|Any CPU
		{73B75EB4-EEE2-440B-93F4-058D2D255382}.Release|Any CPU.ActiveCfg = Release|Any CPU
		{73B75EB4-EEE2-440B-93F4-058D2D255382}.Release|Any CPU.Build.0 = Release|Any CPU
		{930AC650-D95F-4654-B406-DA89139B383A}.Debug|Any CPU.ActiveCfg = Debug|Any CPU
		{930AC650-D95F-4654-B406-DA89139B383A}.Debug|Any CPU.Build.0 = Debug|Any CPU
		{930AC650-D95F-4654-B406-DA89139B383A}.Release|Any CPU.ActiveCfg = Release|Any CPU
		{930AC650-D95F-4654-B406-DA89139B383A}.Release|Any CPU.Build.0 = Release|Any CPU
		{F80B0F44-5FF8-4B32-9EB3-F3CF1E75465A}.Debug|Any CPU.ActiveCfg = Debug|Any CPU
		{F80B0F44-5FF8-4B32-9EB3-F3CF1E75465A}.Debug|Any CPU.Build.0 = Debug|Any CPU
		{F80B0F44-5FF8-4B32-9EB3-F3CF1E75465A}.Release|Any CPU.ActiveCfg = Release|Any CPU
		{F80B0F44-5FF8-4B32-9EB3-F3CF1E75465A}.Release|Any CPU.Build.0 = Release|Any CPU
	EndGlobalSection
	GlobalSection(SolutionProperties) = preSolution
		HideSolutionNode = FALSE
	EndGlobalSection
	GlobalSection(NestedProjects) = preSolution
		{807EEA17-80D1-4590-AA4B-609FEBFE6102} = {50610B6E-4794-4DB9-A969-8A4C3ED80132}
		{8A836488-4E41-48EE-ABC0-5FD692046BD3} = {8AD80536-55F2-4BCE-9B02-D3D00D3E8C3B}
		{6035BACB-2146-4507-B699-37FA8848CFC5} = {8AD80536-55F2-4BCE-9B02-D3D00D3E8C3B}
		{9A942C37-474E-4556-9CC3-28A6E9C090ED} = {CA21208B-CFAA-46D0-B8A8-2753A8CA0056}
		{3424A591-8E98-45A1-B5E1-8BA7BA5948EC} = {8AD80536-55F2-4BCE-9B02-D3D00D3E8C3B}
		{32AF79C1-6AA1-4A66-AF19-DA5D7840C98A} = {CA21208B-CFAA-46D0-B8A8-2753A8CA0056}
		{9C015CF9-150D-4DFB-9913-DE04378A777E} = {CA21208B-CFAA-46D0-B8A8-2753A8CA0056}
		{6EB8AC2C-67A1-42AB-94C3-8486E09DFA31} = {F4B6B2BA-E7FB-4D6D-BD59-0797C3FEBFDF}
		{1D168ADE-AFD0-42C9-9581-71DC5965D336} = {50610B6E-4794-4DB9-A969-8A4C3ED80132}
		{04FE77F9-7735-421C-8C3E-40CCF31E808E} = {F4B6B2BA-E7FB-4D6D-BD59-0797C3FEBFDF}
		{E7B615AD-D8A5-465B-B089-7B0769EA27D5} = {F4B6B2BA-E7FB-4D6D-BD59-0797C3FEBFDF}
		{DA88A585-ABA7-46CB-8772-0B56E91CA240} = {429D051C-9325-4625-94D7-61E665005FB2}
		{73B75EB4-EEE2-440B-93F4-058D2D255382} = {50610B6E-4794-4DB9-A969-8A4C3ED80132}
		{930AC650-D95F-4654-B406-DA89139B383A} = {F4B6B2BA-E7FB-4D6D-BD59-0797C3FEBFDF}
		{F80B0F44-5FF8-4B32-9EB3-F3CF1E75465A} = {FD2AEA8A-918D-492A-82A1-C2FF575CC885}
	EndGlobalSection
	GlobalSection(ExtensibilityGlobals) = postSolution
		SolutionGuid = {B696F64C-095B-424C-9AC6-9569236A3F7A}
	EndGlobalSection
EndGlobal
